
Microsoft Visual Studio Solution File, Format Version 12.00
# Visual Studio 15
VisualStudioVersion = 15.0.26124.0
MinimumVisualStudioVersion = 15.0.26124.0
Project("{FAE04EC0-301F-11D3-BF4B-00C04F79EFBC}") = "IOU.Core", "IOU.Core\IOU.Core.csproj", "{90CDDFA4-26CB-48E7-B2AA-EB38101CFD50}"
EndProject
Project("{FAE04EC0-301F-11D3-BF4B-00C04F79EFBC}") = "IOU.Tests", "IOU.Tests\IOU.Tests.csproj", "{4AF31F50-5ECA-46C3-9343-9AB1DCB10C86}"
EndProject
Global
	GlobalSection(SolutionConfigurationPlatforms) = preSolution
		Debug|Any CPU = Debug|Any CPU
		Debug|x64 = Debug|x64
		Debug|x86 = Debug|x86
		Release|Any CPU = Release|Any CPU
		Release|x64 = Release|x64
		Release|x86 = Release|x86
	EndGlobalSection
	GlobalSection(SolutionProperties) = preSolution
		HideSolutionNode = FALSE
	EndGlobalSection
	GlobalSection(ProjectConfigurationPlatforms) = postSolution
		{90CDDFA4-26CB-48E7-B2AA-EB38101CFD50}.Debug|Any CPU.ActiveCfg = Debug|Any CPU
		{90CDDFA4-26CB-48E7-B2AA-EB38101CFD50}.Debug|Any CPU.Build.0 = Debug|Any CPU
		{90CDDFA4-26CB-48E7-B2AA-EB38101CFD50}.Debug|x64.ActiveCfg = Debug|Any CPU
		{90CDDFA4-26CB-48E7-B2AA-EB38101CFD50}.Debug|x64.Build.0 = Debug|Any CPU
		{90CDDFA4-26CB-48E7-B2AA-EB38101CFD50}.Debug|x86.ActiveCfg = Debug|Any CPU
		{90CDDFA4-26CB-48E7-B2AA-EB38101CFD50}.Debug|x86.Build.0 = Debug|Any CPU
		{90CDDFA4-26CB-48E7-B2AA-EB38101CFD50}.Release|Any CPU.ActiveCfg = Release|Any CPU
		{90CDDFA4-26CB-48E7-B2AA-EB38101CFD50}.Release|Any CPU.Build.0 = Release|Any CPU
		{90CDDFA4-26CB-48E7-B2AA-EB38101CFD50}.Release|x64.ActiveCfg = Release|Any CPU
		{90CDDFA4-26CB-48E7-B2AA-EB38101CFD50}.Release|x64.Build.0 = Release|Any CPU
		{90CDDFA4-26CB-48E7-B2AA-EB38101CFD50}.Release|x86.ActiveCfg = Release|Any CPU
		{90CDDFA4-26CB-48E7-B2AA-EB38101CFD50}.Release|x86.Build.0 = Release|Any CPU
		{4AF31F50-5ECA-46C3-9343-9AB1DCB10C86}.Debug|Any CPU.ActiveCfg = Debug|Any CPU
		{4AF31F50-5ECA-46C3-9343-9AB1DCB10C86}.Debug|Any CPU.Build.0 = Debug|Any CPU
		{4AF31F50-5ECA-46C3-9343-9AB1DCB10C86}.Debug|x64.ActiveCfg = Debug|Any CPU
		{4AF31F50-5ECA-46C3-9343-9AB1DCB10C86}.Debug|x64.Build.0 = Debug|Any CPU
		{4AF31F50-5ECA-46C3-9343-9AB1DCB10C86}.Debug|x86.ActiveCfg = Debug|Any CPU
		{4AF31F50-5ECA-46C3-9343-9AB1DCB10C86}.Debug|x86.Build.0 = Debug|Any CPU
		{4AF31F50-5ECA-46C3-9343-9AB1DCB10C86}.Release|Any CPU.ActiveCfg = Release|Any CPU
		{4AF31F50-5ECA-46C3-9343-9AB1DCB10C86}.Release|Any CPU.Build.0 = Release|Any CPU
		{4AF31F50-5ECA-46C3-9343-9AB1DCB10C86}.Release|x64.ActiveCfg = Release|Any CPU
		{4AF31F50-5ECA-46C3-9343-9AB1DCB10C86}.Release|x64.Build.0 = Release|Any CPU
		{4AF31F50-5ECA-46C3-9343-9AB1DCB10C86}.Release|x86.ActiveCfg = Release|Any CPU
		{4AF31F50-5ECA-46C3-9343-9AB1DCB10C86}.Release|x86.Build.0 = Release|Any CPU
	EndGlobalSection
EndGlobal
